<Solution>
  <Project Path="bai3.2.1.thuchanh/bai3.2.1.thuchanh.csproj" />
  <Project Path="bai3.2.2.thuchanh/bai3.2.2.thuchanh.csproj" Id="30273eb8-8d94-4d08-b5b0-0a2da25abf82" />
  <Project Path="bai3.2.3.thuchanh/bai3.2.3.thuchanh.csproj" Id="94822107-d540-47af-8295-d3eb525bc8de" />
  <Project Path="bai3.2.4.thuchanh/bai3.2.4.thuchanh.csproj" Id="ef7978d9-20f4-4361-a324-6d13b0f769f3" />
</Solution>
